
Microsoft Visual Studio Solution File, Format Version 12.00
# Visual Studio Version 17
VisualStudioVersion = 17.11.35327.3
MinimumVisualStudioVersion = 10.0.40219.1
Project("{FAE04EC0-301F-11D3-BF4B-00C04F79EFBC}") = "ApiTesting_Calimatic", "ApiTtesting_Calimatic\ApiTesting_Calimatic.csproj", "{CB35EC36-51D4-477E-9900-A7DCA4CD91EA}"
EndProject
Project("{FAE04EC0-301F-11D3-BF4B-00C04F79EFBC}") = "ApiTests", "ApiTests\ApiTests.csproj", "{40D7DCFB-2D34-4605-86DB-E78BAB1FB513}"
EndProject
Global
	GlobalSection(SolutionConfigurationPlatforms) = preSolution
		Debug|Any CPU = Debug|Any CPU
		Release|Any CPU = Release|Any CPU
	EndGlobalSection
	GlobalSection(ProjectConfigurationPlatforms) = postSolution
		{CB35EC36-51D4-477E-9900-A7DCA4CD91EA}.Debug|Any CPU.ActiveCfg = Debug|Any CPU
		{CB35EC36-51D4-477E-9900-A7DCA4CD91EA}.Debug|Any CPU.Build.0 = Debug|Any CPU
		{CB35EC36-51D4-477E-9900-A7DCA4CD91EA}.Release|Any CPU.ActiveCfg = Release|Any CPU
		{CB35EC36-51D4-477E-9900-A7DCA4CD91EA}.Release|Any CPU.Build.0 = Release|Any CPU
		{40D7DCFB-2D34-4605-86DB-E78BAB1FB513}.Debug|Any CPU.ActiveCfg = Debug|Any CPU
		{40D7DCFB-2D34-4605-86DB-E78BAB1FB513}.Debug|Any CPU.Build.0 = Debug|Any CPU
		{40D7DCFB-2D34-4605-86DB-E78BAB1FB513}.Release|Any CPU.ActiveCfg = Release|Any CPU
		{40D7DCFB-2D34-4605-86DB-E78BAB1FB513}.Release|Any CPU.Build.0 = Release|Any CPU
	EndGlobalSection
	GlobalSection(SolutionProperties) = preSolution
		HideSolutionNode = FALSE
	EndGlobalSection
	GlobalSection(ExtensibilityGlobals) = postSolution
		SolutionGuid = {FE104598-3749-45EA-91E1-1381E475AABD}
	EndGlobalSection
EndGlobal
